
Microsoft Visual Studio Solution File, Format Version 12.00
# Visual Studio Version 17
VisualStudioVersion = 17.8.34322.80
MinimumVisualStudioVersion = 10.0.40219.1
Project("{FAE04EC0-301F-11D3-BF4B-00C04F79EFBC}") = "UnitOfWorkDemo", "UnitOfWorkDemo\UnitOfWorkDemo.csproj", "{C0ABF8E7-59C0-4291-A913-35B7A8F9BA5A}"
EndProject
Project("{FAE04EC0-301F-11D3-BF4B-00C04F79EFBC}") = "UnitOfWorkDemo.Core", "UnitOfWorkDemo.Core\UnitOfWorkDemo.Core.csproj", "{FE93B7A7-E6DF-4CA1-A09C-C5AEED05A68D}"
EndProject
Project("{FAE04EC0-301F-11D3-BF4B-00C04F79EFBC}") = "UnitOfWorkDemo.Infrastructure", "UnitOfWorkDemo.Infrastructure\UnitOfWorkDemo.Infrastructure.csproj", "{B6CF899F-6E2C-44C4-B525-10BDD5B8F163}"
EndProject
Project("{FAE04EC0-301F-11D3-BF4B-00C04F79EFBC}") = "UnitOfWorkDemo.Services", "UnitOfWorkDemo.Services\UnitOfWorkDemo.Services.csproj", "{965058D3-B194-461C-91FA-33E446492453}"
EndProject
Global
	GlobalSection(SolutionConfigurationPlatforms) = preSolution
		Debug|Any CPU = Debug|Any CPU
		Release|Any CPU = Release|Any CPU
	EndGlobalSection
	GlobalSection(ProjectConfigurationPlatforms) = postSolution
		{C0ABF8E7-59C0-4291-A913-35B7A8F9BA5A}.Debug|Any CPU.ActiveCfg = Debug|Any CPU
		{C0ABF8E7-59C0-4291-A913-35B7A8F9BA5A}.Debug|Any CPU.Build.0 = Debug|Any CPU
		{C0ABF8E7-59C0-4291-A913-35B7A8F9BA5A}.Release|Any CPU.ActiveCfg = Release|Any CPU
		{C0ABF8E7-59C0-4291-A913-35B7A8F9BA5A}.Release|Any CPU.Build.0 = Release|Any CPU
		{FE93B7A7-E6DF-4CA1-A09C-C5AEED05A68D}.Debug|Any CPU.ActiveCfg = Debug|Any CPU
		{FE93B7A7-E6DF-4CA1-A09C-C5AEED05A68D}.Debug|Any CPU.Build.0 = Debug|Any CPU
		{FE93B7A7-E6DF-4CA1-A09C-C5AEED05A68D}.Release|Any CPU.ActiveCfg = Release|Any CPU
		{FE93B7A7-E6DF-4CA1-A09C-C5AEED05A68D}.Release|Any CPU.Build.0 = Release|Any CPU
		{B6CF899F-6E2C-44C4-B525-10BDD5B8F163}.Debug|Any CPU.ActiveCfg = Debug|Any CPU
		{B6CF899F-6E2C-44C4-B525-10BDD5B8F163}.Debug|Any CPU.Build.0 = Debug|Any CPU
		{B6CF899F-6E2C-44C4-B525-10BDD5B8F163}.Release|Any CPU.ActiveCfg = Release|Any CPU
		{B6CF899F-6E2C-44C4-B525-10BDD5B8F163}.Release|Any CPU.Build.0 = Release|Any CPU
		{965058D3-B194-461C-91FA-33E446492453}.Debug|Any CPU.ActiveCfg = Debug|Any CPU
		{965058D3-B194-461C-91FA-33E446492453}.Debug|Any CPU.Build.0 = Debug|Any CPU
		{965058D3-B194-461C-91FA-33E446492453}.Release|Any CPU.ActiveCfg = Release|Any CPU
		{965058D3-B194-461C-91FA-33E446492453}.Release|Any CPU.Build.0 = Release|Any CPU
	EndGlobalSection
	GlobalSection(SolutionProperties) = preSolution
		HideSolutionNode = FALSE
	EndGlobalSection
	GlobalSection(ExtensibilityGlobals) = postSolution
		SolutionGuid = {4369AA08-BC91-48CD-BBF3-14C037E548A4}
	EndGlobalSection
EndGlobal
